
Microsoft Visual Studio Solution File, Format Version 12.00
Project("{FAE04EC0-301F-11D3-BF4B-00C04F79EFBC}") = "AskMeProject", "AskMeProject\AskMeProject.csproj", "{70050B67-EAEC-4CF6-B342-EE962615EE7C}"
EndProject
Global
	GlobalSection(SolutionConfigurationPlatforms) = preSolution
		Debug|Any CPU = Debug|Any CPU
		Release|Any CPU = Release|Any CPU
	EndGlobalSection
	GlobalSection(ProjectConfigurationPlatforms) = postSolution
		{70050B67-EAEC-4CF6-B342-EE962615EE7C}.Debug|Any CPU.ActiveCfg = Debug|Any CPU
		{70050B67-EAEC-4CF6-B342-EE962615EE7C}.Debug|Any CPU.Build.0 = Debug|Any CPU
		{70050B67-EAEC-4CF6-B342-EE962615EE7C}.Release|Any CPU.ActiveCfg = Release|Any CPU
		{70050B67-EAEC-4CF6-B342-EE962615EE7C}.Release|Any CPU.Build.0 = Release|Any CPU
	EndGlobalSection
EndGlobal
